<?xml version="1.0" encoding="utf-8"?>
<Project ToolsVersion="4.0" xmlns="http://schemas.microsoft.com/developer/msbuild/2003">
  <ItemGroup>
    <Filter Include="Source Files">
      <UniqueIdentifier>{4FC737F1-C7A5-4376-A066-2A32D752A2FF}</UniqueIdentifier>
      <Extensions>cpp;c;cc;cxx;c++;def;odl;idl;hpj;bat;asm;asmx</Extensions>
    </Filter>
    <Filter Include="Header Files">
      <UniqueIdentifier>{93995380-89BD-4b04-88EB-625FBE52EBFB}</UniqueIdentifier>
      <Extensions>h;hh;hpp;hxx;h++;hm;inl;inc;ipp;xsd</Extensions>
    </Filter>
    <Filter Include="Resource Files">
      <UniqueIdentifier>{67DA6AB6-F800-4c08-8B7A-83BB121AAD01}</UniqueIdentifier>
      <Extensions>rc;ico;cur;bmp;dlg;rc2;rct;bin;rgs;gif;jpg;jpeg;jpe;resx;tiff;tif;png;wav;mfcribbon-ms</Extensions>
    </Filter>
  </ItemGroup>
  <ItemGroup>
    <ClInclude Include="..\appdirectory\AnimationCallback.h">
      <Filter>Header Files</Filter>
    </ClInclude>
    <ClInclude Include="..\appdirectory\AnimationController.h">
      <Filter>Header Files</Filter>
    </ClInclude>
    <ClInclude Include="..\appdirectory\AnimationSpec.h">
      <Filter>Header Files</Filter>
    </ClInclude>
    <ClInclude Include="..\appdirectory\BaseGame.h">
      <Filter>Header Files</Filter>
    </ClInclude>
    <ClInclude Include="..\appdirectory\Character.h">
      <Filter>Header Files</Filter>
    </ClInclude>
    <ClInclude Include="..\appdirectory\DamageIndicatorController.h">
      <Filter>Header Files</Filter>
    </ClInclude>
    <ClInclude Include="..\appdirectory\GameManager.h">
      <Filter>Header Files</Filter>
    </ClInclude>
    <ClInclude Include="..\appdirectory\GameObject.h">
      <Filter>Header Files</Filter>
    </ClInclude>
    <ClInclude Include="..\appdirectory\GUISystem.h">
      <Filter>Header Files</Filter>
    </ClInclude>
    <ClInclude Include="..\appdirectory\HUD.h">
      <Filter>Header Files</Filter>
    </ClInclude>
    <ClInclude Include="..\appdirectory\HUDListener.h">
      <Filter>Header Files</Filter>
    </ClInclude>
    <ClInclude Include="..\appdirectory\Inventory.h">
      <Filter>Header Files</Filter>
    </ClInclude>
    <ClInclude Include="..\appdirectory\Item.h">
      <Filter>Header Files</Filter>
    </ClInclude>
    <ClInclude Include="..\appdirectory\MeshSpec.h">
      <Filter>Header Files</Filter>
    </ClInclude>
    <ClInclude Include="..\appdirectory\MeshSpecBank.h">
      <Filter>Header Files</Filter>
    </ClInclude>
    <ClInclude Include="..\appdirectory\Ninja.h">
      <Filter>Header Files</Filter>
    </ClInclude>
    <ClInclude Include="..\appdirectory\OgreScreenRecorder.h">
      <Filter>Header Files</Filter>
    </ClInclude>
    <ClInclude Include="..\appdirectory\Particle.h">
      <Filter>Header Files</Filter>
    </ClInclude>
    <ClInclude Include="..\appdirectory\ParticleCallback.h">
      <Filter>Header Files</Filter>
    </ClInclude>
    <ClInclude Include="..\appdirectory\ParticleController.h">
      <Filter>Header Files</Filter>
    </ClInclude>
    <ClInclude Include="..\appdirectory\ParticleType.h">
      <Filter>Header Files</Filter>
    </ClInclude>
    <ClInclude Include="..\appdirectory\Plane.h">
      <Filter>Header Files</Filter>
    </ClInclude>
    <ClInclude Include="..\appdirectory\Player.h">
      <Filter>Header Files</Filter>
    </ClInclude>
    <ClInclude Include="..\appdirectory\PlayerBank.h">
      <Filter>Header Files</Filter>
    </ClInclude>
    <ClInclude Include="..\appdirectory\PlayerInfo.h">
      <Filter>Header Files</Filter>
    </ClInclude>
    <ClInclude Include="..\appdirectory\RenderingEngine.h">
      <Filter>Header Files</Filter>
    </ClInclude>
    <ClInclude Include="..\appdirectory\SingleplayerGame.h">
      <Filter>Header Files</Filter>
    </ClInclude>
    <ClInclude Include="..\appdirectory\SoundBank.h">
      <Filter>Header Files</Filter>
    </ClInclude>
  </ItemGroup>
  <ItemGroup>
    <ClCompile Include="..\appdirectory\AnimationController.cpp">
      <Filter>Source Files</Filter>
    </ClCompile>
    <ClCompile Include="..\appdirectory\BaseGame.cpp">
      <Filter>Source Files</Filter>
    </ClCompile>
    <ClCompile Include="..\appdirectory\Character.cpp">
      <Filter>Source Files</Filter>
    </ClCompile>
    <ClCompile Include="..\appdirectory\DamageIndicatorController.cpp">
      <Filter>Source Files</Filter>
    </ClCompile>
    <ClCompile Include="..\appdirectory\GameManager.cpp">
      <Filter>Source Files</Filter>
    </ClCompile>
    <ClCompile Include="..\appdirectory\GameObject.cpp">
      <Filter>Source Files</Filter>
    </ClCompile>
    <ClCompile Include="..\appdirectory\GUISystem.cpp">
      <Filter>Source Files</Filter>
    </ClCompile>
    <ClCompile Include="..\appdirectory\HUD.cpp">
      <Filter>Source Files</Filter>
    </ClCompile>
    <ClCompile Include="..\appdirectory\Inventory.cpp">
      <Filter>Source Files</Filter>
    </ClCompile>
    <ClCompile Include="..\appdirectory\Item.cpp">
      <Filter>Source Files</Filter>
    </ClCompile>
    <ClCompile Include="..\appdirectory\Main.cpp">
      <Filter>Source Files</Filter>
    </ClCompile>
    <ClCompile Include="..\appdirectory\MeshSpecBank.cpp">
      <Filter>Source Files</Filter>
    </ClCompile>
    <ClCompile Include="..\appdirectory\Ninja.cpp">
      <Filter>Source Files</Filter>
    </ClCompile>
    <ClCompile Include="..\appdirectory\OgreScreenRecorder.cpp">
      <Filter>Source Files</Filter>
    </ClCompile>
    <ClCompile Include="..\appdirectory\ParticleController.cpp">
      <Filter>Source Files</Filter>
    </ClCompile>
    <ClCompile Include="..\appdirectory\Plane.cpp">
      <Filter>Source Files</Filter>
    </ClCompile>
    <ClCompile Include="..\appdirectory\Player.cpp">
      <Filter>Source Files</Filter>
    </ClCompile>
    <ClCompile Include="..\appdirectory\PlayerBank.cpp">
      <Filter>Source Files</Filter>
    </ClCompile>
    <ClCompile Include="..\appdirectory\RenderingEngine.cpp">
      <Filter>Source Files</Filter>
    </ClCompile>
    <ClCompile Include="..\appdirectory\SingleplayerGame.cpp">
      <Filter>Source Files</Filter>
    </ClCompile>
    <ClCompile Include="..\appdirectory\SoundBank.cpp">
      <Filter>Source Files</Filter>
    </ClCompile>
  </ItemGroup>
</Project>